{
  "name": "biolinkhost",
  "lockfileVersion": 3,
  "requires": true,
  "packages": {
    "": {
      "dependencies": {
        "hono": "^4.5.4"
      }
    },
    "node_modules/hono": {
      "version": "4.5.4",
      "resolved": "https://registry.npmjs.org/hono/-/hono-4.5.4.tgz",
      "integrity": "sha512-k2IguJfRgNCpDbAfpxk+o+fZBLFHl4+eIZUpjc1ItZWHeZ37SmT3efA1UpkIaC0hSf1NJg0E79/wWn6g9LQ4Cw==",
      "engines": {
        "node": ">=16.0.0"
      }
    }
  }
}
